
Microsoft Visual Studio Solution File, Format Version 12.00
# Visual Studio Version 17
VisualStudioVersion = 17.4.33213.308
MinimumVisualStudioVersion = 10.0.40219.1
Project("{FAE04EC0-301F-11D3-BF4B-00C04F79EFBC}") = "SignalRProject", "SignalRProject\SignalRProject.csproj", "{47C21FB7-C880-4D65-89E8-30670092B56B}"
EndProject
Global
	GlobalSection(SolutionConfigurationPlatforms) = preSolution
		Debug|Any CPU = Debug|Any CPU
		Release|Any CPU = Release|Any CPU
	EndGlobalSection
	GlobalSection(ProjectConfigurationPlatforms) = postSolution
		{47C21FB7-C880-4D65-89E8-30670092B56B}.Debug|Any CPU.ActiveCfg = Debug|Any CPU
		{47C21FB7-C880-4D65-89E8-30670092B56B}.Debug|Any CPU.Build.0 = Debug|Any CPU
		{47C21FB7-C880-4D65-89E8-30670092B56B}.Release|Any CPU.ActiveCfg = Release|Any CPU
		{47C21FB7-C880-4D65-89E8-30670092B56B}.Release|Any CPU.Build.0 = Release|Any CPU
	EndGlobalSection
	GlobalSection(SolutionProperties) = preSolution
		HideSolutionNode = FALSE
	EndGlobalSection
	GlobalSection(ExtensibilityGlobals) = postSolution
		SolutionGuid = {32BBD17D-1717-42CA-8348-33C61842BDAF}
	EndGlobalSection
EndGlobal
