
Microsoft Visual Studio Solution File, Format Version 12.00
# Visual Studio Version 17
VisualStudioVersion = 17.4.33213.308
MinimumVisualStudioVersion = 10.0.40219.1
Project("{FAE04EC0-301F-11D3-BF4B-00C04F79EFBC}") = "StateManagements.Session_", "StateManagements.Session_\StateManagements.Session_.csproj", "{DA3C89F4-091D-45FB-98AF-33F8D266619A}"
EndProject
Project("{FAE04EC0-301F-11D3-BF4B-00C04F79EFBC}") = "StateManagements.Models", "StateManagements.Models\StateManagements.Models.csproj", "{26766A9C-2132-46DD-AF14-90DB1891D461}"
EndProject
Project("{E53339B2-1760-4266-BCC7-CA923CBCF16C}") = "docker-compose", "docker-compose.dcproj", "{32EDEA61-C22F-418E-AFC7-22EF98DFC686}"
EndProject
Project("{2150E333-8FDC-42A3-9474-1A3956D46DE8}") = "config", "config", "{229593D2-431E-4082-A632-CEB8E1496AAE}"
	ProjectSection(SolutionItems) = preProject
		.env.dev = .env.dev
	EndProjectSection
EndProject
Project("{2150E333-8FDC-42A3-9474-1A3956D46DE8}") = "Solution Items", "Solution Items", "{CE03251A-B77A-4886-ABAB-BE1CB36A03C8}"
	ProjectSection(SolutionItems) = preProject
		install-master.ps1 = install-master.ps1
		TextFile1.txt = TextFile1.txt
	EndProjectSection
EndProject
Global
	GlobalSection(SolutionConfigurationPlatforms) = preSolution
		Debug|Any CPU = Debug|Any CPU
		Release|Any CPU = Release|Any CPU
	EndGlobalSection
	GlobalSection(ProjectConfigurationPlatforms) = postSolution
		{DA3C89F4-091D-45FB-98AF-33F8D266619A}.Debug|Any CPU.ActiveCfg = Debug|Any CPU
		{DA3C89F4-091D-45FB-98AF-33F8D266619A}.Debug|Any CPU.Build.0 = Debug|Any CPU
		{DA3C89F4-091D-45FB-98AF-33F8D266619A}.Release|Any CPU.ActiveCfg = Release|Any CPU
		{DA3C89F4-091D-45FB-98AF-33F8D266619A}.Release|Any CPU.Build.0 = Release|Any CPU
		{26766A9C-2132-46DD-AF14-90DB1891D461}.Debug|Any CPU.ActiveCfg = Debug|Any CPU
		{26766A9C-2132-46DD-AF14-90DB1891D461}.Debug|Any CPU.Build.0 = Debug|Any CPU
		{26766A9C-2132-46DD-AF14-90DB1891D461}.Release|Any CPU.ActiveCfg = Release|Any CPU
		{26766A9C-2132-46DD-AF14-90DB1891D461}.Release|Any CPU.Build.0 = Release|Any CPU
		{32EDEA61-C22F-418E-AFC7-22EF98DFC686}.Debug|Any CPU.ActiveCfg = Debug|Any CPU
		{32EDEA61-C22F-418E-AFC7-22EF98DFC686}.Debug|Any CPU.Build.0 = Debug|Any CPU
		{32EDEA61-C22F-418E-AFC7-22EF98DFC686}.Release|Any CPU.ActiveCfg = Release|Any CPU
		{32EDEA61-C22F-418E-AFC7-22EF98DFC686}.Release|Any CPU.Build.0 = Release|Any CPU
	EndGlobalSection
	GlobalSection(SolutionProperties) = preSolution
		HideSolutionNode = FALSE
	EndGlobalSection
	GlobalSection(ExtensibilityGlobals) = postSolution
		SolutionGuid = {8E67D5E4-D81E-4AFC-86B1-4B11D9C58744}
	EndGlobalSection
EndGlobal
