
Microsoft Visual Studio Solution File, Format Version 12.00
# Visual Studio Version 17
VisualStudioVersion = 17.4.33213.308
MinimumVisualStudioVersion = 10.0.40219.1
Project("{FAE04EC0-301F-11D3-BF4B-00C04F79EFBC}") = "TestApp", "TestApp\TestApp.csproj", "{CE15D7BF-AF45-46FE-A24B-D009F9A086E2}"
EndProject
Global
	GlobalSection(SolutionConfigurationPlatforms) = preSolution
		Debug|Any CPU = Debug|Any CPU
		Release|Any CPU = Release|Any CPU
	EndGlobalSection
	GlobalSection(ProjectConfigurationPlatforms) = postSolution
		{CE15D7BF-AF45-46FE-A24B-D009F9A086E2}.Debug|Any CPU.ActiveCfg = Debug|Any CPU
		{CE15D7BF-AF45-46FE-A24B-D009F9A086E2}.Debug|Any CPU.Build.0 = Debug|Any CPU
		{CE15D7BF-AF45-46FE-A24B-D009F9A086E2}.Release|Any CPU.ActiveCfg = Release|Any CPU
		{CE15D7BF-AF45-46FE-A24B-D009F9A086E2}.Release|Any CPU.Build.0 = Release|Any CPU
	EndGlobalSection
	GlobalSection(SolutionProperties) = preSolution
		HideSolutionNode = FALSE
	EndGlobalSection
	GlobalSection(ExtensibilityGlobals) = postSolution
		SolutionGuid = {D6C8B74E-CBB0-41A9-8986-3581A3D1847F}
	EndGlobalSection
EndGlobal
