
Microsoft Visual Studio Solution File, Format Version 12.00
# Visual Studio Version 17
VisualStudioVersion = 17.4.33213.308
MinimumVisualStudioVersion = 10.0.40219.1
Project("{FAE04EC0-301F-11D3-BF4B-00C04F79EFBC}") = "MVCDataTable", "MVCDataTable\MVCDataTable.csproj", "{AB573A0A-88FF-447C-891F-6726BF5E1393}"
EndProject
Global
	GlobalSection(SolutionConfigurationPlatforms) = preSolution
		Debug|Any CPU = Debug|Any CPU
		Release|Any CPU = Release|Any CPU
	EndGlobalSection
	GlobalSection(ProjectConfigurationPlatforms) = postSolution
		{AB573A0A-88FF-447C-891F-6726BF5E1393}.Debug|Any CPU.ActiveCfg = Debug|Any CPU
		{AB573A0A-88FF-447C-891F-6726BF5E1393}.Debug|Any CPU.Build.0 = Debug|Any CPU
		{AB573A0A-88FF-447C-891F-6726BF5E1393}.Release|Any CPU.ActiveCfg = Release|Any CPU
		{AB573A0A-88FF-447C-891F-6726BF5E1393}.Release|Any CPU.Build.0 = Release|Any CPU
	EndGlobalSection
	GlobalSection(SolutionProperties) = preSolution
		HideSolutionNode = FALSE
	EndGlobalSection
	GlobalSection(ExtensibilityGlobals) = postSolution
		SolutionGuid = {AB233AC3-7921-4DFE-8F0D-598A30204461}
	EndGlobalSection
EndGlobal
